// !$*UTF8*$!
{
	archiveVersion = 1;
	classes = {
	};
	objectVersion = 46;
	objects = {

/* Begin PBXBuildFile section */
		8378D8BE65F3DBD3FFE5F528 /* Pods_Self_DestructTests.framework in Frameworks */ = {isa = PBXBuildFile; fileRef = 420AAFE685AE5E65FEBBDD65 /* Pods_Self_DestructTests.framework */; };
		A96C1B5ACAE4B64237334412 /* Pods_Self_Destruct.framework in Frameworks */ = {isa = PBXBuildFile; fileRef = DBE76078291EEF00367E29CF /* Pods_Self_Destruct.framework */; };
		F307C8C11E1759710040C64A /* LoginView.swift in Sources */ = {isa = PBXBuildFile; fileRef = F307C8C01E1759710040C64A /* LoginView.swift */; };
		F30FE4421E1714DD009456FA /* AppDelegate.swift in Sources */ = {isa = PBXBuildFile; fileRef = F30FE4411E1714DD009456FA /* AppDelegate.swift */; };
		F30FE4441E1714DD009456FA /* MessagesController.swift in Sources */ = {isa = PBXBuildFile; fileRef = F30FE4431E1714DD009456FA /* MessagesController.swift */; };
		F30FE4471E1714DD009456FA /* Main.storyboard in Resources */ = {isa = PBXBuildFile; fileRef = F30FE4451E1714DD009456FA /* Main.storyboard */; };
		F30FE4491E1714DD009456FA /* Assets.xcassets in Resources */ = {isa = PBXBuildFile; fileRef = F30FE4481E1714DD009456FA /* Assets.xcassets */; };
		F30FE44C1E1714DD009456FA /* LaunchScreen.storyboard in Resources */ = {isa = PBXBuildFile; fileRef = F30FE44A1E1714DD009456FA /* LaunchScreen.storyboard */; };
		F30FE4571E1714DD009456FA /* Self_DestructTests.swift in Sources */ = {isa = PBXBuildFile; fileRef = F30FE4561E1714DD009456FA /* Self_DestructTests.swift */; };
		F30FE4631E1736A5009456FA /* LoginController.swift in Sources */ = {isa = PBXBuildFile; fileRef = F30FE4621E1736A5009456FA /* LoginController.swift */; };
		F30FE4661E173C7B009456FA /* extensions.swift in Sources */ = {isa = PBXBuildFile; fileRef = F30FE4651E173C7B009456FA /* extensions.swift */; };
		F33CDBFC1E1C9398006BB9B1 /* NewMessageController.swift in Sources */ = {isa = PBXBuildFile; fileRef = F33CDBFB1E1C9398006BB9B1 /* NewMessageController.swift */; };
		F33CDBFE1E1C9A37006BB9B1 /* UserCell.swift in Sources */ = {isa = PBXBuildFile; fileRef = F33CDBFD1E1C9A37006BB9B1 /* UserCell.swift */; };
		F347068A1E189D2C00243C6A /* GoogleService-Info.plist in Resources */ = {isa = PBXBuildFile; fileRef = F34706891E189D2C00243C6A /* GoogleService-Info.plist */; };
		F38A18471E2F1B4900F2FFD3 /* ChatInputContainerView.swift in Sources */ = {isa = PBXBuildFile; fileRef = F38A18461E2F1B4900F2FFD3 /* ChatInputContainerView.swift */; };
		F38A18491E2F290700F2FFD3 /* ChatLogController.swift in Sources */ = {isa = PBXBuildFile; fileRef = F38A18481E2F290700F2FFD3 /* ChatLogController.swift */; };
		F392830B1E3F1024001059D3 /* ChatMessageCell.swift in Sources */ = {isa = PBXBuildFile; fileRef = F392830A1E3F1024001059D3 /* ChatMessageCell.swift */; };
		F3B33AD51E18FA370018C181 /* User.swift in Sources */ = {isa = PBXBuildFile; fileRef = F3B33AD41E18FA370018C181 /* User.swift */; };
		F3D3F5161E31DCDA00D99B3D /* Message.swift in Sources */ = {isa = PBXBuildFile; fileRef = F3D3F5151E31DCDA00D99B3D /* Message.swift */; };
/* End PBXBuildFile section */

/* Begin PBXContainerItemProxy section */
		F30FE4531E1714DD009456FA /* PBXContainerItemProxy */ = {
			isa = PBXContainerItemProxy;
			containerPortal = F30FE4361E1714DC009456FA /* Project object */;
			proxyType = 1;
			remoteGlobalIDString = F30FE43D1E1714DC009456FA;
			remoteInfo = "Self Destruct";
		};
/* End PBXContainerItemProxy section */

/* Begin PBXFileReference section */
		0FA9E0E50BAB779574139D49 /* Pods-Self Destruct.debug.xcconfig */ = {isa = PBXFileReference; includeInIndex = 1; lastKnownFileType = text.xcconfig; name = "Pods-Self Destruct.debug.xcconfig"; path = "Pods/Target Support Files/Pods-Self Destruct/Pods-Self Destruct.debug.xcconfig"; sourceTree = "<group>"; };
		420AAFE685AE5E65FEBBDD65 /* Pods_Self_DestructTests.framework */ = {isa = PBXFileReference; explicitFileType = wrapper.framework; includeInIndex = 0; path = Pods_Self_DestructTests.framework; sourceTree = BUILT_PRODUCTS_DIR; };
		4BA131E4001A2B1635FF6E1A /* Pods-Self Destruct.release.xcconfig */ = {isa = PBXFileReference; includeInIndex = 1; lastKnownFileType = text.xcconfig; name = "Pods-Self Destruct.release.xcconfig"; path = "Pods/Target Support Files/Pods-Self Destruct/Pods-Self Destruct.release.xcconfig"; sourceTree = "<group>"; };
		8AA1E8D11A805D5DB4CFE655 /* Pods-Self DestructTests.debug.xcconfig */ = {isa = PBXFileReference; includeInIndex = 1; lastKnownFileType = text.xcconfig; name = "Pods-Self DestructTests.debug.xcconfig"; path = "Pods/Target Support Files/Pods-Self DestructTests/Pods-Self DestructTests.debug.xcconfig"; sourceTree = "<group>"; };
		8E0A026E75E3357B1B399376 /* Pods-Self DestructTests.release.xcconfig */ = {isa = PBXFileReference; includeInIndex = 1; lastKnownFileType = text.xcconfig; name = "Pods-Self DestructTests.release.xcconfig"; path = "Pods/Target Support Files/Pods-Self DestructTests/Pods-Self DestructTests.release.xcconfig"; sourceTree = "<group>"; };
		DBE76078291EEF00367E29CF /* Pods_Self_Destruct.framework */ = {isa = PBXFileReference; explicitFileType = wrapper.framework; includeInIndex = 0; path = Pods_Self_Destruct.framework; sourceTree = BUILT_PRODUCTS_DIR; };
		F307C8C01E1759710040C64A /* LoginView.swift */ = {isa = PBXFileReference; fileEncoding = 4; lastKnownFileType = sourcecode.swift; path = LoginView.swift; sourceTree = "<group>"; };
		F30FE43E1E1714DD009456FA /* Self Destruct.app */ = {isa = PBXFileReference; explicitFileType = wrapper.application; includeInIndex = 0; path = "Self Destruct.app"; sourceTree = BUILT_PRODUCTS_DIR; };
		F30FE4411E1714DD009456FA /* AppDelegate.swift */ = {isa = PBXFileReference; lastKnownFileType = sourcecode.swift; path = AppDelegate.swift; sourceTree = "<group>"; };
		F30FE4431E1714DD009456FA /* MessagesController.swift */ = {isa = PBXFileReference; lastKnownFileType = sourcecode.swift; path = MessagesController.swift; sourceTree = "<group>"; };
		F30FE4461E1714DD009456FA /* Base */ = {isa = PBXFileReference; lastKnownFileType = file.storyboard; name = Base; path = Base.lproj/Main.storyboard; sourceTree = "<group>"; };
		F30FE4481E1714DD009456FA /* Assets.xcassets */ = {isa = PBXFileReference; lastKnownFileType = folder.assetcatalog; path = Assets.xcassets; sourceTree = "<group>"; };
		F30FE44B1E1714DD009456FA /* Base */ = {isa = PBXFileReference; lastKnownFileType = file.storyboard; name = Base; path = Base.lproj/LaunchScreen.storyboard; sourceTree = "<group>"; };
		F30FE44D1E1714DD009456FA /* Info.plist */ = {isa = PBXFileReference; lastKnownFileType = text.plist.xml; path = Info.plist; sourceTree = "<group>"; };
		F30FE4521E1714DD009456FA /* Self DestructTests.xctest */ = {isa = PBXFileReference; explicitFileType = wrapper.cfbundle; includeInIndex = 0; path = "Self DestructTests.xctest"; sourceTree = BUILT_PRODUCTS_DIR; };
		F30FE4561E1714DD009456FA /* Self_DestructTests.swift */ = {isa = PBXFileReference; lastKnownFileType = sourcecode.swift; path = Self_DestructTests.swift; sourceTree = "<group>"; };
		F30FE4581E1714DD009456FA /* Info.plist */ = {isa = PBXFileReference; lastKnownFileType = text.plist.xml; path = Info.plist; sourceTree = "<group>"; };
		F30FE4621E1736A5009456FA /* LoginController.swift */ = {isa = PBXFileReference; fileEncoding = 4; lastKnownFileType = sourcecode.swift; path = LoginController.swift; sourceTree = "<group>"; };
		F30FE4651E173C7B009456FA /* extensions.swift */ = {isa = PBXFileReference; fileEncoding = 4; lastKnownFileType = sourcecode.swift; path = extensions.swift; sourceTree = "<group>"; };
		F33CDBFB1E1C9398006BB9B1 /* NewMessageController.swift */ = {isa = PBXFileReference; fileEncoding = 4; lastKnownFileType = sourcecode.swift; path = NewMessageController.swift; sourceTree = "<group>"; };
		F33CDBFD1E1C9A37006BB9B1 /* UserCell.swift */ = {isa = PBXFileReference; fileEncoding = 4; lastKnownFileType = sourcecode.swift; path = UserCell.swift; sourceTree = "<group>"; };
		F34706891E189D2C00243C6A /* GoogleService-Info.plist */ = {isa = PBXFileReference; fileEncoding = 4; lastKnownFileType = text.plist.xml; path = "GoogleService-Info.plist"; sourceTree = "<group>"; };
		F38A18461E2F1B4900F2FFD3 /* ChatInputContainerView.swift */ = {isa = PBXFileReference; fileEncoding = 4; lastKnownFileType = sourcecode.swift; path = ChatInputContainerView.swift; sourceTree = "<group>"; };
		F38A18481E2F290700F2FFD3 /* ChatLogController.swift */ = {isa = PBXFileReference; fileEncoding = 4; lastKnownFileType = sourcecode.swift; path = ChatLogController.swift; sourceTree = "<group>"; };
		F392830A1E3F1024001059D3 /* ChatMessageCell.swift */ = {isa = PBXFileReference; fileEncoding = 4; lastKnownFileType = sourcecode.swift; path = ChatMessageCell.swift; sourceTree = "<group>"; };
		F3B33AD41E18FA370018C181 /* User.swift */ = {isa = PBXFileReference; fileEncoding = 4; lastKnownFileType = sourcecode.swift; path = User.swift; sourceTree = "<group>"; };
		F3D3F5151E31DCDA00D99B3D /* Message.swift */ = {isa = PBXFileReference; fileEncoding = 4; lastKnownFileType = sourcecode.swift; path = Message.swift; sourceTree = "<group>"; };
/* End PBXFileReference section */

/* Begin PBXFrameworksBuildPhase section */
		F30FE43B1E1714DC009456FA /* Frameworks */ = {
			isa = PBXFrameworksBuildPhase;
			buildActionMask = 2147483647;
			files = (
				A96C1B5ACAE4B64237334412 /* Pods_Self_Destruct.framework in Frameworks */,
			);
			runOnlyForDeploymentPostprocessing = 0;
		};
		F30FE44F1E1714DD009456FA /* Frameworks */ = {
			isa = PBXFrameworksBuildPhase;
			buildActionMask = 2147483647;
			files = (
				8378D8BE65F3DBD3FFE5F528 /* Pods_Self_DestructTests.framework in Frameworks */,
			);
			runOnlyForDeploymentPostprocessing = 0;
		};
/* End PBXFrameworksBuildPhase section */

/* Begin PBXGroup section */
		46856088FDA687130C0A188A /* Frameworks */ = {
			isa = PBXGroup;
			children = (
				DBE76078291EEF00367E29CF /* Pods_Self_Destruct.framework */,
				420AAFE685AE5E65FEBBDD65 /* Pods_Self_DestructTests.framework */,
			);
			name = Frameworks;
			sourceTree = "<group>";
		};
		DBE49F6775EEAEF94D288F33 /* Pods */ = {
			isa = PBXGroup;
			children = (
				0FA9E0E50BAB779574139D49 /* Pods-Self Destruct.debug.xcconfig */,
				4BA131E4001A2B1635FF6E1A /* Pods-Self Destruct.release.xcconfig */,
				8AA1E8D11A805D5DB4CFE655 /* Pods-Self DestructTests.debug.xcconfig */,
				8E0A026E75E3357B1B399376 /* Pods-Self DestructTests.release.xcconfig */,
			);
			name = Pods;
			sourceTree = "<group>";
		};
		F307C8C21E1759EE0040C64A /* Views */ = {
			isa = PBXGroup;
			children = (
				F307C8C01E1759710040C64A /* LoginView.swift */,
				F33CDBFD1E1C9A37006BB9B1 /* UserCell.swift */,
				F38A18461E2F1B4900F2FFD3 /* ChatInputContainerView.swift */,
				F392830A1E3F1024001059D3 /* ChatMessageCell.swift */,
			);
			name = Views;
			sourceTree = "<group>";
		};
		F30FE4351E1714DC009456FA = {
			isa = PBXGroup;
			children = (
				F30FE4401E1714DD009456FA /* Self Destruct */,
				F30FE4551E1714DD009456FA /* Self DestructTests */,
				F30FE43F1E1714DD009456FA /* Products */,
				DBE49F6775EEAEF94D288F33 /* Pods */,
				46856088FDA687130C0A188A /* Frameworks */,
			);
			sourceTree = "<group>";
		};
		F30FE43F1E1714DD009456FA /* Products */ = {
			isa = PBXGroup;
			children = (
				F30FE43E1E1714DD009456FA /* Self Destruct.app */,
				F30FE4521E1714DD009456FA /* Self DestructTests.xctest */,
			);
			name = Products;
			sourceTree = "<group>";
		};
		F30FE4401E1714DD009456FA /* Self Destruct */ = {
			isa = PBXGroup;
			children = (
				F3B33AD31E18FA270018C181 /* Models */,
				F307C8C21E1759EE0040C64A /* Views */,
				F30FE4641E173C6F009456FA /* Extensions */,
				F30FE4611E173653009456FA /* Controllers */,
				F30FE4411E1714DD009456FA /* AppDelegate.swift */,
				F30FE4451E1714DD009456FA /* Main.storyboard */,
				F30FE4481E1714DD009456FA /* Assets.xcassets */,
				F30FE44A1E1714DD009456FA /* LaunchScreen.storyboard */,
				F30FE44D1E1714DD009456FA /* Info.plist */,
				F34706891E189D2C00243C6A /* GoogleService-Info.plist */,
			);
			path = "Self Destruct";
			sourceTree = "<group>";
		};
		F30FE4551E1714DD009456FA /* Self DestructTests */ = {
			isa = PBXGroup;
			children = (
				F30FE4561E1714DD009456FA /* Self_DestructTests.swift */,
				F30FE4581E1714DD009456FA /* Info.plist */,
			);
			path = "Self DestructTests";
			sourceTree = "<group>";
		};
		F30FE4611E173653009456FA /* Controllers */ = {
			isa = PBXGroup;
			children = (
				F30FE4431E1714DD009456FA /* MessagesController.swift */,
				F30FE4621E1736A5009456FA /* LoginController.swift */,
				F33CDBFB1E1C9398006BB9B1 /* NewMessageController.swift */,
				F38A18481E2F290700F2FFD3 /* ChatLogController.swift */,
			);
			name = Controllers;
			sourceTree = "<group>";
		};
		F30FE4641E173C6F009456FA /* Extensions */ = {
			isa = PBXGroup;
			children = (
				F30FE4651E173C7B009456FA /* extensions.swift */,
			);
			name = Extensions;
			sourceTree = "<group>";
		};
		F3B33AD31E18FA270018C181 /* Models */ = {
			isa = PBXGroup;
			children = (
				F3B33AD41E18FA370018C181 /* User.swift */,
				F3D3F5151E31DCDA00D99B3D /* Message.swift */,
			);
			name = Models;
			sourceTree = "<group>";
		};
/* End PBXGroup section */

/* Begin PBXNativeTarget section */
		F30FE43D1E1714DC009456FA /* Self Destruct */ = {
			isa = PBXNativeTarget;
			buildConfigurationList = F30FE45B1E1714DD009456FA /* Build configuration list for PBXNativeTarget "Self Destruct" */;
			buildPhases = (
				40F5E9E9CAAD539700C381CE /* 📦 Check Pods Manifest.lock */,
				F30FE43A1E1714DC009456FA /* Sources */,
				F30FE43B1E1714DC009456FA /* Frameworks */,
				F30FE43C1E1714DC009456FA /* Resources */,
				DE8E4B1D7C9EE1D7245FA866 /* 📦 Embed Pods Frameworks */,
				42164249DD49F45923A3E322 /* 📦 Copy Pods Resources */,
			);
			buildRules = (
			);
			dependencies = (
			);
			name = "Self Destruct";
			productName = "Self Destruct";
			productReference = F30FE43E1E1714DD009456FA /* Self Destruct.app */;
			productType = "com.apple.product-type.application";
		};
		F30FE4511E1714DD009456FA /* Self DestructTests */ = {
			isa = PBXNativeTarget;
			buildConfigurationList = F30FE45E1E1714DD009456FA /* Build configuration list for PBXNativeTarget "Self DestructTests" */;
			buildPhases = (
				386127F5D14DEA8471B9B8B5 /* 📦 Check Pods Manifest.lock */,
				F30FE44E1E1714DD009456FA /* Sources */,
				F30FE44F1E1714DD009456FA /* Frameworks */,
				F30FE4501E1714DD009456FA /* Resources */,
				C3C94DA68DA7F53011EBC71A /* 📦 Embed Pods Frameworks */,
				557DC4B2B534E25391743DC3 /* 📦 Copy Pods Resources */,
			);
			buildRules = (
			);
			dependencies = (
				F30FE4541E1714DD009456FA /* PBXTargetDependency */,
			);
			name = "Self DestructTests";
			productName = "Self DestructTests";
			productReference = F30FE4521E1714DD009456FA /* Self DestructTests.xctest */;
			productType = "com.apple.product-type.bundle.unit-test";
		};
/* End PBXNativeTarget section */

/* Begin PBXProject section */
		F30FE4361E1714DC009456FA /* Project object */ = {
			isa = PBXProject;
			attributes = {
				LastSwiftUpdateCheck = 0820;
				LastUpgradeCheck = 0820;
				ORGANIZATIONNAME = "Remote Hamster";
				TargetAttributes = {
					F30FE43D1E1714DC009456FA = {
						CreatedOnToolsVersion = 8.2.1;
						DevelopmentTeam = V3WZ465XFR;
						ProvisioningStyle = Automatic;
					};
					F30FE4511E1714DD009456FA = {
						CreatedOnToolsVersion = 8.2.1;
						DevelopmentTeam = V3WZ465XFR;
						ProvisioningStyle = Automatic;
						TestTargetID = F30FE43D1E1714DC009456FA;
					};
				};
			};
			buildConfigurationList = F30FE4391E1714DC009456FA /* Build configuration list for PBXProject "Self Destruct" */;
			compatibilityVersion = "Xcode 3.2";
			developmentRegion = English;
			hasScannedForEncodings = 0;
			knownRegions = (
				en,
				Base,
			);
			mainGroup = F30FE4351E1714DC009456FA;
			productRefGroup = F30FE43F1E1714DD009456FA /* Products */;
			projectDirPath = "";
			projectRoot = "";
			targets = (
				F30FE43D1E1714DC009456FA /* Self Destruct */,
				F30FE4511E1714DD009456FA /* Self DestructTests */,
			);
		};
/* End PBXProject section */

/* Begin PBXResourcesBuildPhase section */
		F30FE43C1E1714DC009456FA /* Resources */ = {
			isa = PBXResourcesBuildPhase;
			buildActionMask = 2147483647;
			files = (
				F30FE44C1E1714DD009456FA /* LaunchScreen.storyboard in Resources */,
				F347068A1E189D2C00243C6A /* GoogleService-Info.plist in Resources */,
				F30FE4491E1714DD009456FA /* Assets.xcassets in Resources */,
				F30FE4471E1714DD009456FA /* Main.storyboard in Resources */,
			);
			runOnlyForDeploymentPostprocessing = 0;
		};
		F30FE4501E1714DD009456FA /* Resources */ = {
			isa = PBXResourcesBuildPhase;
			buildActionMask = 2147483647;
			files = (
			);
			runOnlyForDeploymentPostprocessing = 0;
		};
/* End PBXResourcesBuildPhase section */

/* Begin PBXShellScriptBuildPhase section */
		386127F5D14DEA8471B9B8B5 /* 📦 Check Pods Manifest.lock */ = {
			isa = PBXShellScriptBuildPhase;
			buildActionMask = 2147483647;
			files = (
			);
			inputPaths = (
			);
			name = "📦 Check Pods Manifest.lock";
			outputPaths = (
			);
			runOnlyForDeploymentPostprocessing = 0;
			shellPath = /bin/sh;
			shellScript = "diff \"${PODS_ROOT}/../Podfile.lock\" \"${PODS_ROOT}/Manifest.lock\" > /dev/null\nif [[ $? != 0 ]] ; then\n    cat << EOM\nerror: The sandbox is not in sync with the Podfile.lock. Run 'pod install' or update your CocoaPods installation.\nEOM\n    exit 1\nfi\n";
			showEnvVarsInLog = 0;
		};
		40F5E9E9CAAD539700C381CE /* 📦 Check Pods Manifest.lock */ = {
			isa = PBXShellScriptBuildPhase;
			buildActionMask = 2147483647;
			files = (
			);
			inputPaths = (
			);
			name = "📦 Check Pods Manifest.lock";
			outputPaths = (
			);
			runOnlyForDeploymentPostprocessing = 0;
			shellPath = /bin/sh;
			shellScript = "diff \"${PODS_ROOT}/../Podfile.lock\" \"${PODS_ROOT}/Manifest.lock\" > /dev/null\nif [[ $? != 0 ]] ; then\n    cat << EOM\nerror: The sandbox is not in sync with the Podfile.lock. Run 'pod install' or update your CocoaPods installation.\nEOM\n    exit 1\nfi\n";
			showEnvVarsInLog = 0;
		};
		42164249DD49F45923A3E322 /* 📦 Copy Pods Resources */ = {
			isa = PBXShellScriptBuildPhase;
			buildActionMask = 2147483647;
			files = (
			);
			inputPaths = (
			);
			name = "📦 Copy Pods Resources";
			outputPaths = (
			);
			runOnlyForDeploymentPostprocessing = 0;
			shellPath = /bin/sh;
			shellScript = "\"${SRCROOT}/Pods/Target Support Files/Pods-Self Destruct/Pods-Self Destruct-resources.sh\"\n";
			showEnvVarsInLog = 0;
		};
		557DC4B2B534E25391743DC3 /* 📦 Copy Pods Resources */ = {
			isa = PBXShellScriptBuildPhase;
			buildActionMask = 2147483647;
			files = (
			);
			inputPaths = (
			);
			name = "📦 Copy Pods Resources";
			outputPaths = (
			);
			runOnlyForDeploymentPostprocessing = 0;
			shellPath = /bin/sh;
			shellScript = "\"${SRCROOT}/Pods/Target Support Files/Pods-Self DestructTests/Pods-Self DestructTests-resources.sh\"\n";
			showEnvVarsInLog = 0;
		};
		C3C94DA68DA7F53011EBC71A /* 📦 Embed Pods Frameworks */ = {
			isa = PBXShellScriptBuildPhase;
			buildActionMask = 2147483647;
			files = (
			);
			inputPaths = (
			);
			name = "📦 Embed Pods Frameworks";
			outputPaths = (
			);
			runOnlyForDeploymentPostprocessing = 0;
			shellPath = /bin/sh;
			shellScript = "\"${SRCROOT}/Pods/Target Support Files/Pods-Self DestructTests/Pods-Self DestructTests-frameworks.sh\"\n";
			showEnvVarsInLog = 0;
		};
		DE8E4B1D7C9EE1D7245FA866 /* 📦 Embed Pods Frameworks */ = {
			isa = PBXShellScriptBuildPhase;
			buildActionMask = 2147483647;
			files = (
			);
			inputPaths = (
			);
			name = "📦 Embed Pods Frameworks";
			outputPaths = (
			);
			runOnlyForDeploymentPostprocessing = 0;
			shellPath = /bin/sh;
			shellScript = "\"${SRCROOT}/Pods/Target Support Files/Pods-Self Destruct/Pods-Self Destruct-frameworks.sh\"\n";
			showEnvVarsInLog = 0;
		};
/* End PBXShellScriptBuildPhase section */

/* Begin PBXSourcesBuildPhase section */
		F30FE43A1E1714DC009456FA /* Sources */ = {
			isa = PBXSourcesBuildPhase;
			buildActionMask = 2147483647;
			files = (
				F38A18491E2F290700F2FFD3 /* ChatLogController.swift in Sources */,
				F33CDBFE1E1C9A37006BB9B1 /* UserCell.swift in Sources */,
				F30FE4441E1714DD009456FA /* MessagesController.swift in Sources */,
				F38A18471E2F1B4900F2FFD3 /* ChatInputContainerView.swift in Sources */,
				F30FE4631E1736A5009456FA /* LoginController.swift in Sources */,
				F3B33AD51E18FA370018C181 /* User.swift in Sources */,
				F3D3F5161E31DCDA00D99B3D /* Message.swift in Sources */,
				F30FE4421E1714DD009456FA /* AppDelegate.swift in Sources */,
				F33CDBFC1E1C9398006BB9B1 /* NewMessageController.swift in Sources */,
				F392830B1E3F1024001059D3 /* ChatMessageCell.swift in Sources */,
				F307C8C11E1759710040C64A /* LoginView.swift in Sources */,
				F30FE4661E173C7B009456FA /* extensions.swift in Sources */,
			);
			runOnlyForDeploymentPostprocessing = 0;
		};
		F30FE44E1E1714DD009456FA /* Sources */ = {
			isa = PBXSourcesBuildPhase;
			buildActionMask = 2147483647;
			files = (
				F30FE4571E1714DD009456FA /* Self_DestructTests.swift in Sources */,
			);
			runOnlyForDeploymentPostprocessing = 0;
		};
/* End PBXSourcesBuildPhase section */

/* Begin PBXTargetDependency section */
		F30FE4541E1714DD009456FA /* PBXTargetDependency */ = {
			isa = PBXTargetDependency;
			target = F30FE43D1E1714DC009456FA /* Self Destruct */;
			targetProxy = F30FE4531E1714DD009456FA /* PBXContainerItemProxy */;
		};
/* End PBXTargetDependency section */

/* Begin PBXVariantGroup section */
		F30FE4451E1714DD009456FA /* Main.storyboard */ = {
			isa = PBXVariantGroup;
			children = (
				F30FE4461E1714DD009456FA /* Base */,
			);
			name = Main.storyboard;
			sourceTree = "<group>";
		};
		F30FE44A1E1714DD009456FA /* LaunchScreen.storyboard */ = {
			isa = PBXVariantGroup;
			children = (
				F30FE44B1E1714DD009456FA /* Base */,
			);
			name = LaunchScreen.storyboard;
			sourceTree = "<group>";
		};
/* End PBXVariantGroup section */

/* Begin XCBuildConfiguration section */
		F30FE4591E1714DD009456FA /* Debug */ = {
			isa = XCBuildConfiguration;
			buildSettings = {
				ALWAYS_SEARCH_USER_PATHS = NO;
				CLANG_ANALYZER_NONNULL = YES;
				CLANG_CXX_LANGUAGE_STANDARD = "gnu++0x";
				CLANG_CXX_LIBRARY = "libc++";
				CLANG_ENABLE_MODULES = YES;
				CLANG_ENABLE_OBJC_ARC = YES;
				CLANG_WARN_BOOL_CONVERSION = YES;
				CLANG_WARN_CONSTANT_CONVERSION = YES;
				CLANG_WARN_DIRECT_OBJC_ISA_USAGE = YES_ERROR;
				CLANG_WARN_DOCUMENTATION_COMMENTS = YES;
				CLANG_WARN_EMPTY_BODY = YES;
				CLANG_WARN_ENUM_CONVERSION = YES;
				CLANG_WARN_INFINITE_RECURSION = YES;
				CLANG_WARN_INT_CONVERSION = YES;
				CLANG_WARN_OBJC_ROOT_CLASS = YES_ERROR;
				CLANG_WARN_SUSPICIOUS_MOVE = YES;
				CLANG_WARN_UNREACHABLE_CODE = YES;
				CLANG_WARN__DUPLICATE_METHOD_MATCH = YES;
				"CODE_SIGN_IDENTITY[sdk=iphoneos*]" = "iPhone Developer";
				COPY_PHASE_STRIP = NO;
				DEBUG_INFORMATION_FORMAT = dwarf;
				ENABLE_STRICT_OBJC_MSGSEND = YES;
				ENABLE_TESTABILITY = YES;
				GCC_C_LANGUAGE_STANDARD = gnu99;
				GCC_DYNAMIC_NO_PIC = NO;
				GCC_NO_COMMON_BLOCKS = YES;
				GCC_OPTIMIZATION_LEVEL = 0;
				GCC_PREPROCESSOR_DEFINITIONS = (
					"DEBUG=1",
					"$(inherited)",
				);
				GCC_WARN_64_TO_32_BIT_CONVERSION = YES;
				GCC_WARN_ABOUT_RETURN_TYPE = YES_ERROR;
				GCC_WARN_UNDECLARED_SELECTOR = YES;
				GCC_WARN_UNINITIALIZED_AUTOS = YES_AGGRESSIVE;
				GCC_WARN_UNUSED_FUNCTION = YES;
				GCC_WARN_UNUSED_VARIABLE = YES;
				IPHONEOS_DEPLOYMENT_TARGET = 10.2;
				MTL_ENABLE_DEBUG_INFO = YES;
				ONLY_ACTIVE_ARCH = YES;
				SDKROOT = iphoneos;
				SWIFT_ACTIVE_COMPILATION_CONDITIONS = DEBUG;
				SWIFT_OPTIMIZATION_LEVEL = "-Onone";
			};
			name = Debug;
		};
		F30FE45A1E1714DD009456FA /* Release */ = {
			isa = XCBuildConfiguration;
			buildSettings = {
				ALWAYS_SEARCH_USER_PATHS = NO;
				CLANG_ANALYZER_NONNULL = YES;
				CLANG_CXX_LANGUAGE_STANDARD = "gnu++0x";
				CLANG_CXX_LIBRARY = "libc++";
				CLANG_ENABLE_MODULES = YES;
				CLANG_ENABLE_OBJC_ARC = YES;
				CLANG_WARN_BOOL_CONVERSION = YES;
				CLANG_WARN_CONSTANT_CONVERSION = YES;
				CLANG_WARN_DIRECT_OBJC_ISA_USAGE = YES_ERROR;
				CLANG_WARN_DOCUMENTATION_COMMENTS = YES;
				CLANG_WARN_EMPTY_BODY = YES;
				CLANG_WARN_ENUM_CONVERSION = YES;
				CLANG_WARN_INFINITE_RECURSION = YES;
				CLANG_WARN_INT_CONVERSION = YES;
				CLANG_WARN_OBJC_ROOT_CLASS = YES_ERROR;
				CLANG_WARN_SUSPICIOUS_MOVE = YES;
				CLANG_WARN_UNREACHABLE_CODE = YES;
				CLANG_WARN__DUPLICATE_METHOD_MATCH = YES;
				"CODE_SIGN_IDENTITY[sdk=iphoneos*]" = "iPhone Developer";
				COPY_PHASE_STRIP = NO;
				DEBUG_INFORMATION_FORMAT = "dwarf-with-dsym";
				ENABLE_NS_ASSERTIONS = NO;
				ENABLE_STRICT_OBJC_MSGSEND = YES;
				GCC_C_LANGUAGE_STANDARD = gnu99;
				GCC_NO_COMMON_BLOCKS = YES;
				GCC_WARN_64_TO_32_BIT_CONVERSION = YES;
				GCC_WARN_ABOUT_RETURN_TYPE = YES_ERROR;
				GCC_WARN_UNDECLARED_SELECTOR = YES;
				GCC_WARN_UNINITIALIZED_AUTOS = YES_AGGRESSIVE;
				GCC_WARN_UNUSED_FUNCTION = YES;
				GCC_WARN_UNUSED_VARIABLE = YES;
				IPHONEOS_DEPLOYMENT_TARGET = 10.2;
				MTL_ENABLE_DEBUG_INFO = NO;
				SDKROOT = iphoneos;
				SWIFT_OPTIMIZATION_LEVEL = "-Owholemodule";
				VALIDATE_PRODUCT = YES;
			};
			name = Release;
		};
		F30FE45C1E1714DD009456FA /* Debug */ = {
			isa = XCBuildConfiguration;
			baseConfigurationReference = 0FA9E0E50BAB779574139D49 /* Pods-Self Destruct.debug.xcconfig */;
			buildSettings = {
				ASSETCATALOG_COMPILER_APPICON_NAME = AppIcon;
				DEVELOPMENT_TEAM = V3WZ465XFR;
				INFOPLIST_FILE = "Self Destruct/Info.plist";
				LD_RUNPATH_SEARCH_PATHS = "$(inherited) @executable_path/Frameworks";
				PRODUCT_BUNDLE_IDENTIFIER = "com.remoteHamster.Self-Destruct";
				PRODUCT_NAME = "$(TARGET_NAME)";
				SWIFT_VERSION = 3.0;
			};
			name = Debug;
		};
		F30FE45D1E1714DD009456FA /* Release */ = {
			isa = XCBuildConfiguration;
			baseConfigurationReference = 4BA131E4001A2B1635FF6E1A /* Pods-Self Destruct.release.xcconfig */;
			buildSettings = {
				ASSETCATALOG_COMPILER_APPICON_NAME = AppIcon;
				DEVELOPMENT_TEAM = V3WZ465XFR;
				INFOPLIST_FILE = "Self Destruct/Info.plist";
				LD_RUNPATH_SEARCH_PATHS = "$(inherited) @executable_path/Frameworks";
				PRODUCT_BUNDLE_IDENTIFIER = "com.remoteHamster.Self-Destruct";
				PRODUCT_NAME = "$(TARGET_NAME)";
				SWIFT_VERSION = 3.0;
			};
			name = Release;
		};
		F30FE45F1E1714DD009456FA /* Debug */ = {
			isa = XCBuildConfiguration;
			baseConfigurationReference = 8AA1E8D11A805D5DB4CFE655 /* Pods-Self DestructTests.debug.xcconfig */;
			buildSettings = {
				ALWAYS_EMBED_SWIFT_STANDARD_LIBRARIES = YES;
				BUNDLE_LOADER = "$(TEST_HOST)";
				DEVELOPMENT_TEAM = V3WZ465XFR;
				INFOPLIST_FILE = "Self DestructTests/Info.plist";
				LD_RUNPATH_SEARCH_PATHS = "$(inherited) @executable_path/Frameworks @loader_path/Frameworks";
				PRODUCT_BUNDLE_IDENTIFIER = "com.remoteHamster.Self-DestructTests";
				PRODUCT_NAME = "$(TARGET_NAME)";
				SWIFT_VERSION = 3.0;
				TEST_HOST = "$(BUILT_PRODUCTS_DIR)/Self Destruct.app/Self Destruct";
			};
			name = Debug;
		};
		F30FE4601E1714DD009456FA /* Release */ = {
			isa = XCBuildConfiguration;
			baseConfigurationReference = 8E0A026E75E3357B1B399376 /* Pods-Self DestructTests.release.xcconfig */;
			buildSettings = {
				ALWAYS_EMBED_SWIFT_STANDARD_LIBRARIES = YES;
				BUNDLE_LOADER = "$(TEST_HOST)";
				DEVELOPMENT_TEAM = V3WZ465XFR;
				INFOPLIST_FILE = "Self DestructTests/Info.plist";
				LD_RUNPATH_SEARCH_PATHS = "$(inherited) @executable_path/Frameworks @loader_path/Frameworks";
				PRODUCT_BUNDLE_IDENTIFIER = "com.remoteHamster.Self-DestructTests";
				PRODUCT_NAME = "$(TARGET_NAME)";
				SWIFT_VERSION = 3.0;
				TEST_HOST = "$(BUILT_PRODUCTS_DIR)/Self Destruct.app/Self Destruct";
			};
			name = Release;
		};
/* End XCBuildConfiguration section */

/* Begin XCConfigurationList section */
		F30FE4391E1714DC009456FA /* Build configuration list for PBXProject "Self Destruct" */ = {
			isa = XCConfigurationList;
			buildConfigurations = (
				F30FE4591E1714DD009456FA /* Debug */,
				F30FE45A1E1714DD009456FA /* Release */,
			);
			defaultConfigurationIsVisible = 0;
			defaultConfigurationName = Release;
		};
		F30FE45B1E1714DD009456FA /* Build configuration list for PBXNativeTarget "Self Destruct" */ = {
			isa = XCConfigurationList;
			buildConfigurations = (
				F30FE45C1E1714DD009456FA /* Debug */,
				F30FE45D1E1714DD009456FA /* Release */,
			);
			defaultConfigurationIsVisible = 0;
			defaultConfigurationName = Release;
		};
		F30FE45E1E1714DD009456FA /* Build configuration list for PBXNativeTarget "Self DestructTests" */ = {
			isa = XCConfigurationList;
			buildConfigurations = (
				F30FE45F1E1714DD009456FA /* Debug */,
				F30FE4601E1714DD009456FA /* Release */,
			);
			defaultConfigurationIsVisible = 0;
			defaultConfigurationName = Release;
		};
/* End XCConfigurationList section */
	};
	rootObject = F30FE4361E1714DC009456FA /* Project object */;
}
